<?xml version="1.0" encoding="utf-8"?>
<Project ToolsVersion="4.0" xmlns="http://schemas.microsoft.com/developer/msbuild/2003">
  <ItemGroup>
    <Filter Include="Source Files">
      <UniqueIdentifier>{4FC737F1-C7A5-4376-A066-2A32D752A2FF}</UniqueIdentifier>
      <Extensions>cpp;c;cc;cxx;c++;def;odl;idl;hpj;bat;asm;asmx</Extensions>
    </Filter>
    <Filter Include="Header Files">
      <UniqueIdentifier>{93995380-89BD-4b04-88EB-625FBE52EBFB}</UniqueIdentifier>
      <Extensions>h;hh;hpp;hxx;h++;hm;inl;inc;ipp;xsd</Extensions>
    </Filter>
    <Filter Include="Resource Files">
      <UniqueIdentifier>{67DA6AB6-F800-4c08-8B7A-83BB121AAD01}</UniqueIdentifier>
      <Extensions>rc;ico;cur;bmp;dlg;rc2;rct;bin;rgs;gif;jpg;jpeg;jpe;resx;tiff;tif;png;wav;mfcribbon-ms</Extensions>
    </Filter>
    <Filter Include="Header Files\metadata">
      <UniqueIdentifier>{8030cbf8-9907-428d-910c-d504076f190c}</UniqueIdentifier>
    </Filter>
    <Filter Include="Source Files\metadata">
      <UniqueIdentifier>{53cf76b8-3b0d-4202-bdf3-009114d9cbc6}</UniqueIdentifier>
    </Filter>
  </ItemGroup>
  <ItemGroup>
    <ClInclude Include="framework.h">
      <Filter>Header Files</Filter>
    </ClInclude>
    <ClInclude Include="pch.h">
      <Filter>Header Files</Filter>
    </ClInclude>
    <ClInclude Include="AvidHeaderMetadata.h">
      <Filter>Header Files</Filter>
    </ClInclude>
    <ClInclude Include="DataModel.h">
      <Filter>Header Files</Filter>
    </ClInclude>
    <ClInclude Include="File.h">
      <Filter>Header Files</Filter>
    </ClInclude>
    <ClInclude Include="HeaderMetadata.h">
      <Filter>Header Files</Filter>
    </ClInclude>
    <ClInclude Include="IndexTable.h">
      <Filter>Header Files</Filter>
    </ClInclude>
    <ClInclude Include="MetadataSet.h">
      <Filter>Header Files</Filter>
    </ClInclude>
    <ClInclude Include="MXF.h">
      <Filter>Header Files</Filter>
    </ClInclude>
    <ClInclude Include="MXFException.h">
      <Filter>Header Files</Filter>
    </ClInclude>
    <ClInclude Include="MXFTypes.h">
      <Filter>Header Files</Filter>
    </ClInclude>
    <ClInclude Include="MXFVersion.h">
      <Filter>Header Files</Filter>
    </ClInclude>
    <ClInclude Include="Partition.h">
      <Filter>Header Files</Filter>
    </ClInclude>
    <ClInclude Include="mxfpp_scm_version.h">
      <Filter>Header Files</Filter>
    </ClInclude>
    <ClInclude Include="metadata\AES3AudioDescriptor.h">
      <Filter>Header Files\metadata</Filter>
    </ClInclude>
    <ClInclude Include="metadata\ANCDataDescriptor.h">
      <Filter>Header Files\metadata</Filter>
    </ClInclude>
    <ClInclude Include="metadata\AudioChannelLabelSubDescriptor.h">
      <Filter>Header Files\metadata</Filter>
    </ClInclude>
    <ClInclude Include="metadata\AVCSubDescriptor.h">
      <Filter>Header Files\metadata</Filter>
    </ClInclude>
    <ClInclude Include="metadata\CDCIEssenceDescriptor.h">
      <Filter>Header Files\metadata</Filter>
    </ClInclude>
    <ClInclude Include="metadata\ContentStorage.h">
      <Filter>Header Files\metadata</Filter>
    </ClInclude>
    <ClInclude Include="metadata\DMFramework.h">
      <Filter>Header Files\metadata</Filter>
    </ClInclude>
    <ClInclude Include="metadata\DMSegment.h">
      <Filter>Header Files\metadata</Filter>
    </ClInclude>
    <ClInclude Include="metadata\DMSet.h">
      <Filter>Header Files\metadata</Filter>
    </ClInclude>
    <ClInclude Include="metadata\DMSourceClip.h">
      <Filter>Header Files\metadata</Filter>
    </ClInclude>
    <ClInclude Include="metadata\EssenceContainerData.h">
      <Filter>Header Files\metadata</Filter>
    </ClInclude>
    <ClInclude Include="metadata\EventTrack.h">
      <Filter>Header Files\metadata</Filter>
    </ClInclude>
    <ClInclude Include="metadata\FileDescriptor.h">
      <Filter>Header Files\metadata</Filter>
    </ClInclude>
    <ClInclude Include="metadata\GenericDataEssenceDescriptor.h">
      <Filter>Header Files\metadata</Filter>
    </ClInclude>
    <ClInclude Include="metadata\GenericDescriptor.h">
      <Filter>Header Files\metadata</Filter>
    </ClInclude>
    <ClInclude Include="metadata\GenericPackage.h">
      <Filter>Header Files\metadata</Filter>
    </ClInclude>
    <ClInclude Include="metadata\GenericPictureEssenceDescriptor.h">
      <Filter>Header Files\metadata</Filter>
    </ClInclude>
    <ClInclude Include="metadata\GenericSoundEssenceDescriptor.h">
      <Filter>Header Files\metadata</Filter>
    </ClInclude>
    <ClInclude Include="metadata\GenericStreamTextBasedSet.h">
      <Filter>Header Files\metadata</Filter>
    </ClInclude>
    <ClInclude Include="metadata\GenericTrack.h">
      <Filter>Header Files\metadata</Filter>
    </ClInclude>
    <ClInclude Include="metadata\GroupOfSoundfieldGroupsLabelSubDescriptor.h">
      <Filter>Header Files\metadata</Filter>
    </ClInclude>
    <ClInclude Include="metadata\Identification.h">
      <Filter>Header Files\metadata</Filter>
    </ClInclude>
    <ClInclude Include="metadata\InterchangeObject.h">
      <Filter>Header Files\metadata</Filter>
    </ClInclude>
    <ClInclude Include="metadata\Locator.h">
      <Filter>Header Files\metadata</Filter>
    </ClInclude>
    <ClInclude Include="metadata\MaterialPackage.h">
      <Filter>Header Files\metadata</Filter>
    </ClInclude>
    <ClInclude Include="metadata\MCALabelSubDescriptor.h">
      <Filter>Header Files\metadata</Filter>
    </ClInclude>
    <ClInclude Include="metadata\Metadata.h">
      <Filter>Header Files\metadata</Filter>
    </ClInclude>
    <ClInclude Include="metadata\MPEGVideoDescriptor.h">
      <Filter>Header Files\metadata</Filter>
    </ClInclude>
    <ClInclude Include="metadata\MultipleDescriptor.h">
      <Filter>Header Files\metadata</Filter>
    </ClInclude>
    <ClInclude Include="metadata\NetworkLocator.h">
      <Filter>Header Files\metadata</Filter>
    </ClInclude>
    <ClInclude Include="metadata\Preface.h">
      <Filter>Header Files\metadata</Filter>
    </ClInclude>
    <ClInclude Include="metadata\RGBAEssenceDescriptor.h">
      <Filter>Header Files\metadata</Filter>
    </ClInclude>
    <ClInclude Include="metadata\Sequence.h">
      <Filter>Header Files\metadata</Filter>
    </ClInclude>
    <ClInclude Include="metadata\SoundfieldGroupLabelSubDescriptor.h">
      <Filter>Header Files\metadata</Filter>
    </ClInclude>
    <ClInclude Include="metadata\SourceClip.h">
      <Filter>Header Files\metadata</Filter>
    </ClInclude>
    <ClInclude Include="metadata\SourcePackage.h">
      <Filter>Header Files\metadata</Filter>
    </ClInclude>
    <ClInclude Include="metadata\StaticTrack.h">
      <Filter>Header Files\metadata</Filter>
    </ClInclude>
    <ClInclude Include="metadata\StructuralComponent.h">
      <Filter>Header Files\metadata</Filter>
    </ClInclude>
    <ClInclude Include="metadata\SubDescriptor.h">
      <Filter>Header Files\metadata</Filter>
    </ClInclude>
    <ClInclude Include="metadata\TextBasedDMFramework.h">
      <Filter>Header Files\metadata</Filter>
    </ClInclude>
    <ClInclude Include="metadata\TextBasedObject.h">
      <Filter>Header Files\metadata</Filter>
    </ClInclude>
    <ClInclude Include="metadata\TextLocator.h">
      <Filter>Header Files\metadata</Filter>
    </ClInclude>
    <ClInclude Include="metadata\TimecodeComponent.h">
      <Filter>Header Files\metadata</Filter>
    </ClInclude>
    <ClInclude Include="metadata\Track.h">
      <Filter>Header Files\metadata</Filter>
    </ClInclude>
    <ClInclude Include="metadata\UTF8TextBasedSet.h">
      <Filter>Header Files\metadata</Filter>
    </ClInclude>
    <ClInclude Include="metadata\UTF16TextBasedSet.h">
      <Filter>Header Files\metadata</Filter>
    </ClInclude>
    <ClInclude Include="metadata\VBIDataDescriptor.h">
      <Filter>Header Files\metadata</Filter>
    </ClInclude>
    <ClInclude Include="metadata\VC2SubDescriptor.h">
      <Filter>Header Files\metadata</Filter>
    </ClInclude>
    <ClInclude Include="metadata\WaveAudioDescriptor.h">
      <Filter>Header Files\metadata</Filter>
    </ClInclude>
  </ItemGroup>
  <ItemGroup>
    <ClCompile Include="libMXF++.cpp">
      <Filter>Source Files</Filter>
    </ClCompile>
    <ClCompile Include="pch.cpp">
      <Filter>Source Files</Filter>
    </ClCompile>
    <ClCompile Include="AvidHeaderMetadata.cpp">
      <Filter>Source Files</Filter>
    </ClCompile>
    <ClCompile Include="DataModel.cpp">
      <Filter>Source Files</Filter>
    </ClCompile>
    <ClCompile Include="File.cpp">
      <Filter>Source Files</Filter>
    </ClCompile>
    <ClCompile Include="HeaderMetadata.cpp">
      <Filter>Source Files</Filter>
    </ClCompile>
    <ClCompile Include="IndexTable.cpp">
      <Filter>Source Files</Filter>
    </ClCompile>
    <ClCompile Include="MetadataSet.cpp">
      <Filter>Source Files</Filter>
    </ClCompile>
    <ClCompile Include="MXFException.cpp">
      <Filter>Source Files</Filter>
    </ClCompile>
    <ClCompile Include="MXFTypes.cpp">
      <Filter>Source Files</Filter>
    </ClCompile>
    <ClCompile Include="MXFVersion.cpp">
      <Filter>Source Files</Filter>
    </ClCompile>
    <ClCompile Include="Partition.cpp">
      <Filter>Source Files</Filter>
    </ClCompile>
    <ClCompile Include="metadata\AES3AudioDescriptor.cpp">
      <Filter>Source Files\metadata</Filter>
    </ClCompile>
    <ClCompile Include="metadata\ANCDataDescriptor.cpp">
      <Filter>Source Files\metadata</Filter>
    </ClCompile>
    <ClCompile Include="metadata\AudioChannelLabelSubDescriptor.cpp">
      <Filter>Source Files\metadata</Filter>
    </ClCompile>
    <ClCompile Include="metadata\AVCSubDescriptor.cpp">
      <Filter>Source Files\metadata</Filter>
    </ClCompile>
    <ClCompile Include="metadata\CDCIEssenceDescriptor.cpp">
      <Filter>Source Files\metadata</Filter>
    </ClCompile>
    <ClCompile Include="metadata\ContentStorage.cpp">
      <Filter>Source Files\metadata</Filter>
    </ClCompile>
    <ClCompile Include="metadata\DMFramework.cpp">
      <Filter>Source Files\metadata</Filter>
    </ClCompile>
    <ClCompile Include="metadata\DMSegment.cpp">
      <Filter>Source Files\metadata</Filter>
    </ClCompile>
    <ClCompile Include="metadata\DMSet.cpp">
      <Filter>Source Files\metadata</Filter>
    </ClCompile>
    <ClCompile Include="metadata\DMSourceClip.cpp">
      <Filter>Source Files\metadata</Filter>
    </ClCompile>
    <ClCompile Include="metadata\EssenceContainerData.cpp">
      <Filter>Source Files\metadata</Filter>
    </ClCompile>
    <ClCompile Include="metadata\EventTrack.cpp">
      <Filter>Source Files\metadata</Filter>
    </ClCompile>
    <ClCompile Include="metadata\FileDescriptor.cpp">
      <Filter>Source Files\metadata</Filter>
    </ClCompile>
    <ClCompile Include="metadata\GenericDataEssenceDescriptor.cpp">
      <Filter>Source Files\metadata</Filter>
    </ClCompile>
    <ClCompile Include="metadata\GenericDescriptor.cpp">
      <Filter>Source Files\metadata</Filter>
    </ClCompile>
    <ClCompile Include="metadata\GenericPackage.cpp">
      <Filter>Source Files\metadata</Filter>
    </ClCompile>
    <ClCompile Include="metadata\GenericPictureEssenceDescriptor.cpp">
      <Filter>Source Files\metadata</Filter>
    </ClCompile>
    <ClCompile Include="metadata\GenericSoundEssenceDescriptor.cpp">
      <Filter>Source Files\metadata</Filter>
    </ClCompile>
    <ClCompile Include="metadata\GenericStreamTextBasedSet.cpp">
      <Filter>Source Files\metadata</Filter>
    </ClCompile>
    <ClCompile Include="metadata\GenericTrack.cpp">
      <Filter>Source Files\metadata</Filter>
    </ClCompile>
    <ClCompile Include="metadata\GroupOfSoundfieldGroupsLabelSubDescriptor.cpp">
      <Filter>Source Files\metadata</Filter>
    </ClCompile>
    <ClCompile Include="metadata\Identification.cpp">
      <Filter>Source Files\metadata</Filter>
    </ClCompile>
    <ClCompile Include="metadata\InterchangeObject.cpp">
      <Filter>Source Files\metadata</Filter>
    </ClCompile>
    <ClCompile Include="metadata\Locator.cpp">
      <Filter>Source Files\metadata</Filter>
    </ClCompile>
    <ClCompile Include="metadata\MaterialPackage.cpp">
      <Filter>Source Files\metadata</Filter>
    </ClCompile>
    <ClCompile Include="metadata\MCALabelSubDescriptor.cpp">
      <Filter>Source Files\metadata</Filter>
    </ClCompile>
    <ClCompile Include="metadata\MPEGVideoDescriptor.cpp">
      <Filter>Source Files\metadata</Filter>
    </ClCompile>
    <ClCompile Include="metadata\MultipleDescriptor.cpp">
      <Filter>Source Files\metadata</Filter>
    </ClCompile>
    <ClCompile Include="metadata\NetworkLocator.cpp">
      <Filter>Source Files\metadata</Filter>
    </ClCompile>
    <ClCompile Include="metadata\Preface.cpp">
      <Filter>Source Files\metadata</Filter>
    </ClCompile>
    <ClCompile Include="metadata\RGBAEssenceDescriptor.cpp">
      <Filter>Source Files\metadata</Filter>
    </ClCompile>
    <ClCompile Include="metadata\Sequence.cpp">
      <Filter>Source Files\metadata</Filter>
    </ClCompile>
    <ClCompile Include="metadata\SoundfieldGroupLabelSubDescriptor.cpp">
      <Filter>Source Files\metadata</Filter>
    </ClCompile>
    <ClCompile Include="metadata\SourceClip.cpp">
      <Filter>Source Files\metadata</Filter>
    </ClCompile>
    <ClCompile Include="metadata\SourcePackage.cpp">
      <Filter>Source Files\metadata</Filter>
    </ClCompile>
    <ClCompile Include="metadata\StaticTrack.cpp">
      <Filter>Source Files\metadata</Filter>
    </ClCompile>
    <ClCompile Include="metadata\StructuralComponent.cpp">
      <Filter>Source Files\metadata</Filter>
    </ClCompile>
    <ClCompile Include="metadata\SubDescriptor.cpp">
      <Filter>Source Files\metadata</Filter>
    </ClCompile>
    <ClCompile Include="metadata\TextBasedDMFramework.cpp">
      <Filter>Source Files\metadata</Filter>
    </ClCompile>
    <ClCompile Include="metadata\TextBasedObject.cpp">
      <Filter>Source Files\metadata</Filter>
    </ClCompile>
    <ClCompile Include="metadata\TextLocator.cpp">
      <Filter>Source Files\metadata</Filter>
    </ClCompile>
    <ClCompile Include="metadata\TimecodeComponent.cpp">
      <Filter>Source Files\metadata</Filter>
    </ClCompile>
    <ClCompile Include="metadata\Track.cpp">
      <Filter>Source Files\metadata</Filter>
    </ClCompile>
    <ClCompile Include="metadata\UTF8TextBasedSet.cpp">
      <Filter>Source Files\metadata</Filter>
    </ClCompile>
    <ClCompile Include="metadata\UTF16TextBasedSet.cpp">
      <Filter>Source Files\metadata</Filter>
    </ClCompile>
    <ClCompile Include="metadata\VBIDataDescriptor.cpp">
      <Filter>Source Files\metadata</Filter>
    </ClCompile>
    <ClCompile Include="metadata\VC2SubDescriptor.cpp">
      <Filter>Source Files\metadata</Filter>
    </ClCompile>
    <ClCompile Include="metadata\WaveAudioDescriptor.cpp">
      <Filter>Source Files\metadata</Filter>
    </ClCompile>
  </ItemGroup>
</Project>